// !$*UTF8*$!
{
	archiveVersion = 1;
	classes = {
	};
	objectVersion = 56;
	objects = {

/* Begin PBXBuildFile section */
		0DBAFD0A291C79030032E109 /* LandmarksApp.swift in Sources */ = {isa = PBXBuildFile; fileRef = 0DBAFD09291C79030032E109 /* LandmarksApp.swift */; };
		0DBAFD0C291C79030032E109 /* ContentView.swift in Sources */ = {isa = PBXBuildFile; fileRef = 0DBAFD0B291C79030032E109 /* ContentView.swift */; };
		0DBAFD0E291C79060032E109 /* Assets.xcassets in Resources */ = {isa = PBXBuildFile; fileRef = 0DBAFD0D291C79060032E109 /* Assets.xcassets */; };
		0DBAFD11291C79060032E109 /* Preview Assets.xcassets in Resources */ = {isa = PBXBuildFile; fileRef = 0DBAFD10291C79060032E109 /* Preview Assets.xcassets */; };
		0DBAFD1A291C87C50032E109 /* CircleImage.swift in Sources */ = {isa = PBXBuildFile; fileRef = 0DBAFD19291C87C50032E109 /* CircleImage.swift */; };
		0DBAFD1C291C89C90032E109 /* MapView.swift in Sources */ = {isa = PBXBuildFile; fileRef = 0DBAFD1B291C89C90032E109 /* MapView.swift */; };
		0DBAFD1E291D75FE0032E109 /* landmarkData.json in Resources */ = {isa = PBXBuildFile; fileRef = 0DBAFD1D291D75FE0032E109 /* landmarkData.json */; };
		0DBAFD20291D76540032E109 /* Landmark.swift in Sources */ = {isa = PBXBuildFile; fileRef = 0DBAFD1F291D76540032E109 /* Landmark.swift */; };
		0DBAFD22291D78D40032E109 /* ModelData.swift in Sources */ = {isa = PBXBuildFile; fileRef = 0DBAFD21291D78D40032E109 /* ModelData.swift */; };
		0DBAFD27291D85170032E109 /* LandmarkRow.swift in Sources */ = {isa = PBXBuildFile; fileRef = 0DBAFD26291D85170032E109 /* LandmarkRow.swift */; };
		0DBAFD29291D90850032E109 /* LandmarkList.swift in Sources */ = {isa = PBXBuildFile; fileRef = 0DBAFD28291D90850032E109 /* LandmarkList.swift */; };
		0DBAFD2B291D97F20032E109 /* LandmarkDetail.swift in Sources */ = {isa = PBXBuildFile; fileRef = 0DBAFD2A291D97F20032E109 /* LandmarkDetail.swift */; };
/* End PBXBuildFile section */

/* Begin PBXFileReference section */
		0DBAFD06291C79030032E109 /* Landmarks.app */ = {isa = PBXFileReference; explicitFileType = wrapper.application; includeInIndex = 0; path = Landmarks.app; sourceTree = BUILT_PRODUCTS_DIR; };
		0DBAFD09291C79030032E109 /* LandmarksApp.swift */ = {isa = PBXFileReference; lastKnownFileType = sourcecode.swift; path = LandmarksApp.swift; sourceTree = "<group>"; };
		0DBAFD0B291C79030032E109 /* ContentView.swift */ = {isa = PBXFileReference; lastKnownFileType = sourcecode.swift; path = ContentView.swift; sourceTree = "<group>"; };
		0DBAFD0D291C79060032E109 /* Assets.xcassets */ = {isa = PBXFileReference; lastKnownFileType = folder.assetcatalog; path = Assets.xcassets; sourceTree = "<group>"; };
		0DBAFD10291C79060032E109 /* Preview Assets.xcassets */ = {isa = PBXFileReference; lastKnownFileType = folder.assetcatalog; path = "Preview Assets.xcassets"; sourceTree = "<group>"; };
		0DBAFD19291C87C50032E109 /* CircleImage.swift */ = {isa = PBXFileReference; lastKnownFileType = sourcecode.swift; path = CircleImage.swift; sourceTree = "<group>"; };
		0DBAFD1B291C89C90032E109 /* MapView.swift */ = {isa = PBXFileReference; lastKnownFileType = sourcecode.swift; path = MapView.swift; sourceTree = "<group>"; };
		0DBAFD1D291D75FE0032E109 /* landmarkData.json */ = {isa = PBXFileReference; fileEncoding = 4; lastKnownFileType = text.json; path = landmarkData.json; sourceTree = "<group>"; };
		0DBAFD1F291D76540032E109 /* Landmark.swift */ = {isa = PBXFileReference; lastKnownFileType = sourcecode.swift; path = Landmark.swift; sourceTree = "<group>"; };
		0DBAFD21291D78D40032E109 /* ModelData.swift */ = {isa = PBXFileReference; lastKnownFileType = sourcecode.swift; path = ModelData.swift; sourceTree = "<group>"; };
		0DBAFD26291D85170032E109 /* LandmarkRow.swift */ = {isa = PBXFileReference; lastKnownFileType = sourcecode.swift; path = LandmarkRow.swift; sourceTree = "<group>"; };
		0DBAFD28291D90850032E109 /* LandmarkList.swift */ = {isa = PBXFileReference; lastKnownFileType = sourcecode.swift; path = LandmarkList.swift; sourceTree = "<group>"; };
		0DBAFD2A291D97F20032E109 /* LandmarkDetail.swift */ = {isa = PBXFileReference; lastKnownFileType = sourcecode.swift; path = LandmarkDetail.swift; sourceTree = "<group>"; };
/* End PBXFileReference section */

/* Begin PBXFrameworksBuildPhase section */
		0DBAFD03291C79030032E109 /* Frameworks */ = {
			isa = PBXFrameworksBuildPhase;
			buildActionMask = 2147483647;
			files = (
			);
			runOnlyForDeploymentPostprocessing = 0;
		};
/* End PBXFrameworksBuildPhase section */

/* Begin PBXGroup section */
		0DBAFCFD291C79030032E109 = {
			isa = PBXGroup;
			children = (
				0DBAFD08291C79030032E109 /* Landmarks */,
				0DBAFD07291C79030032E109 /* Products */,
			);
			sourceTree = "<group>";
		};
		0DBAFD07291C79030032E109 /* Products */ = {
			isa = PBXGroup;
			children = (
				0DBAFD06291C79030032E109 /* Landmarks.app */,
			);
			name = Products;
			sourceTree = "<group>";
		};
		0DBAFD08291C79030032E109 /* Landmarks */ = {
			isa = PBXGroup;
			children = (
				0DBAFD23291D7B630032E109 /* Views */,
				0DBAFD24291D7B8C0032E109 /* Model */,
				0DBAFD25291D7BD60032E109 /* Resources */,
				0DBAFD09291C79030032E109 /* LandmarksApp.swift */,
				0DBAFD0D291C79060032E109 /* Assets.xcassets */,
				0DBAFD0F291C79060032E109 /* Preview Content */,
			);
			path = Landmarks;
			sourceTree = "<group>";
		};
		0DBAFD0F291C79060032E109 /* Preview Content */ = {
			isa = PBXGroup;
			children = (
				0DBAFD10291C79060032E109 /* Preview Assets.xcassets */,
			);
			path = "Preview Content";
			sourceTree = "<group>";
		};
		0DBAFD23291D7B630032E109 /* Views */ = {
			isa = PBXGroup;
			children = (
				0DBAFD19291C87C50032E109 /* CircleImage.swift */,
				0DBAFD0B291C79030032E109 /* ContentView.swift */,
				0DBAFD1B291C89C90032E109 /* MapView.swift */,
				0DBAFD26291D85170032E109 /* LandmarkRow.swift */,
				0DBAFD28291D90850032E109 /* LandmarkList.swift */,
				0DBAFD2A291D97F20032E109 /* LandmarkDetail.swift */,
			);
			path = Views;
			sourceTree = "<group>";
		};
		0DBAFD24291D7B8C0032E109 /* Model */ = {
			isa = PBXGroup;
			children = (
				0DBAFD21291D78D40032E109 /* ModelData.swift */,
				0DBAFD1F291D76540032E109 /* Landmark.swift */,
			);
			path = Model;
			sourceTree = "<group>";
		};
		0DBAFD25291D7BD60032E109 /* Resources */ = {
			isa = PBXGroup;
			children = (
				0DBAFD1D291D75FE0032E109 /* landmarkData.json */,
			);
			path = Resources;
			sourceTree = "<group>";
		};
/* End PBXGroup section */

/* Begin PBXNativeTarget section */
		0DBAFD05291C79030032E109 /* Landmarks */ = {
			isa = PBXNativeTarget;
			buildConfigurationList = 0DBAFD14291C79060032E109 /* Build configuration list for PBXNativeTarget "Landmarks" */;
			buildPhases = (
				0DBAFD02291C79030032E109 /* Sources */,
				0DBAFD03291C79030032E109 /* Frameworks */,
				0DBAFD04291C79030032E109 /* Resources */,
			);
			buildRules = (
			);
			dependencies = (
			);
			name = Landmarks;
			productName = Landmarks;
			productReference = 0DBAFD06291C79030032E109 /* Landmarks.app */;
			productType = "com.apple.product-type.application";
		};
/* End PBXNativeTarget section */

/* Begin PBXProject section */
		0DBAFCFE291C79030032E109 /* Project object */ = {
			isa = PBXProject;
			attributes = {
				BuildIndependentTargetsInParallel = 1;
				LastSwiftUpdateCheck = 1410;
				LastUpgradeCheck = 1410;
				TargetAttributes = {
					0DBAFD05291C79030032E109 = {
						CreatedOnToolsVersion = 14.1;
					};
				};
			};
			buildConfigurationList = 0DBAFD01291C79030032E109 /* Build configuration list for PBXProject "Landmarks" */;
			compatibilityVersion = "Xcode 14.0";
			developmentRegion = en;
			hasScannedForEncodings = 0;
			knownRegions = (
				en,
				Base,
			);
			mainGroup = 0DBAFCFD291C79030032E109;
			productRefGroup = 0DBAFD07291C79030032E109 /* Products */;
			projectDirPath = "";
			projectRoot = "";
			targets = (
				0DBAFD05291C79030032E109 /* Landmarks */,
			);
		};
/* End PBXProject section */

/* Begin PBXResourcesBuildPhase section */
		0DBAFD04291C79030032E109 /* Resources */ = {
			isa = PBXResourcesBuildPhase;
			buildActionMask = 2147483647;
			files = (
				0DBAFD11291C79060032E109 /* Preview Assets.xcassets in Resources */,
				0DBAFD0E291C79060032E109 /* Assets.xcassets in Resources */,
				0DBAFD1E291D75FE0032E109 /* landmarkData.json in Resources */,
			);
			runOnlyForDeploymentPostprocessing = 0;
		};
/* End PBXResourcesBuildPhase section */

/* Begin PBXSourcesBuildPhase section */
		0DBAFD02291C79030032E109 /* Sources */ = {
			isa = PBXSourcesBuildPhase;
			buildActionMask = 2147483647;
			files = (
				0DBAFD0C291C79030032E109 /* ContentView.swift in Sources */,
				0DBAFD1C291C89C90032E109 /* MapView.swift in Sources */,
				0DBAFD0A291C79030032E109 /* LandmarksApp.swift in Sources */,
				0DBAFD29291D90850032E109 /* LandmarkList.swift in Sources */,
				0DBAFD2B291D97F20032E109 /* LandmarkDetail.swift in Sources */,
				0DBAFD1A291C87C50032E109 /* CircleImage.swift in Sources */,
				0DBAFD20291D76540032E109 /* Landmark.swift in Sources */,
				0DBAFD27291D85170032E109 /* LandmarkRow.swift in Sources */,
				0DBAFD22291D78D40032E109 /* ModelData.swift in Sources */,
			);
			runOnlyForDeploymentPostprocessing = 0;
		};
/* End PBXSourcesBuildPhase section */

/* Begin XCBuildConfiguration section */
		0DBAFD12291C79060032E109 /* Debug */ = {
			isa = XCBuildConfiguration;
			buildSettings = {
				ALWAYS_SEARCH_USER_PATHS = NO;
				CLANG_ANALYZER_NONNULL = YES;
				CLANG_ANALYZER_NUMBER_OBJECT_CONVERSION = YES_AGGRESSIVE;
				CLANG_CXX_LANGUAGE_STANDARD = "gnu++20";
				CLANG_ENABLE_MODULES = YES;
				CLANG_ENABLE_OBJC_ARC = YES;
				CLANG_ENABLE_OBJC_WEAK = YES;
				CLANG_WARN_BLOCK_CAPTURE_AUTORELEASING = YES;
				CLANG_WARN_BOOL_CONVERSION = YES;
				CLANG_WARN_COMMA = YES;
				CLANG_WARN_CONSTANT_CONVERSION = YES;
				CLANG_WARN_DEPRECATED_OBJC_IMPLEMENTATIONS = YES;
				CLANG_WARN_DIRECT_OBJC_ISA_USAGE = YES_ERROR;
				CLANG_WARN_DOCUMENTATION_COMMENTS = YES;
				CLANG_WARN_EMPTY_BODY = YES;
				CLANG_WARN_ENUM_CONVERSION = YES;
				CLANG_WARN_INFINITE_RECURSION = YES;
				CLANG_WARN_INT_CONVERSION = YES;
				CLANG_WARN_NON_LITERAL_NULL_CONVERSION = YES;
				CLANG_WARN_OBJC_IMPLICIT_RETAIN_SELF = YES;
				CLANG_WARN_OBJC_LITERAL_CONVERSION = YES;
				CLANG_WARN_OBJC_ROOT_CLASS = YES_ERROR;
				CLANG_WARN_QUOTED_INCLUDE_IN_FRAMEWORK_HEADER = YES;
				CLANG_WARN_RANGE_LOOP_ANALYSIS = YES;
				CLANG_WARN_STRICT_PROTOTYPES = YES;
				CLANG_WARN_SUSPICIOUS_MOVE = YES;
				CLANG_WARN_UNGUARDED_AVAILABILITY = YES_AGGRESSIVE;
				CLANG_WARN_UNREACHABLE_CODE = YES;
				CLANG_WARN__DUPLICATE_METHOD_MATCH = YES;
				COPY_PHASE_STRIP = NO;
				DEBUG_INFORMATION_FORMAT = dwarf;
				ENABLE_STRICT_OBJC_MSGSEND = YES;
				ENABLE_TESTABILITY = YES;
				GCC_C_LANGUAGE_STANDARD = gnu11;
				GCC_DYNAMIC_NO_PIC = NO;
				GCC_NO_COMMON_BLOCKS = YES;
				GCC_OPTIMIZATION_LEVEL = 0;
				GCC_PREPROCESSOR_DEFINITIONS = (
					"DEBUG=1",
					"$(inherited)",
				);
				GCC_WARN_64_TO_32_BIT_CONVERSION = YES;
				GCC_WARN_ABOUT_RETURN_TYPE = YES_ERROR;
				GCC_WARN_UNDECLARED_SELECTOR = YES;
				GCC_WARN_UNINITIALIZED_AUTOS = YES_AGGRESSIVE;
				GCC_WARN_UNUSED_FUNCTION = YES;
				GCC_WARN_UNUSED_VARIABLE = YES;
				IPHONEOS_DEPLOYMENT_TARGET = 16.1;
				MTL_ENABLE_DEBUG_INFO = INCLUDE_SOURCE;
				MTL_FAST_MATH = YES;
				ONLY_ACTIVE_ARCH = YES;
				SDKROOT = iphoneos;
				SWIFT_ACTIVE_COMPILATION_CONDITIONS = DEBUG;
				SWIFT_OPTIMIZATION_LEVEL = "-Onone";
			};
			name = Debug;
		};
		0DBAFD13291C79060032E109 /* Release */ = {
			isa = XCBuildConfiguration;
			buildSettings = {
				ALWAYS_SEARCH_USER_PATHS = NO;
				CLANG_ANALYZER_NONNULL = YES;
				CLANG_ANALYZER_NUMBER_OBJECT_CONVERSION = YES_AGGRESSIVE;
				CLANG_CXX_LANGUAGE_STANDARD = "gnu++20";
				CLANG_ENABLE_MODULES = YES;
				CLANG_ENABLE_OBJC_ARC = YES;
				CLANG_ENABLE_OBJC_WEAK = YES;
				CLANG_WARN_BLOCK_CAPTURE_AUTORELEASING = YES;
				CLANG_WARN_BOOL_CONVERSION = YES;
				CLANG_WARN_COMMA = YES;
				CLANG_WARN_CONSTANT_CONVERSION = YES;
				CLANG_WARN_DEPRECATED_OBJC_IMPLEMENTATIONS = YES;
				CLANG_WARN_DIRECT_OBJC_ISA_USAGE = YES_ERROR;
				CLANG_WARN_DOCUMENTATION_COMMENTS = YES;
				CLANG_WARN_EMPTY_BODY = YES;
				CLANG_WARN_ENUM_CONVERSION = YES;
				CLANG_WARN_INFINITE_RECURSION = YES;
				CLANG_WARN_INT_CONVERSION = YES;
				CLANG_WARN_NON_LITERAL_NULL_CONVERSION = YES;
				CLANG_WARN_OBJC_IMPLICIT_RETAIN_SELF = YES;
				CLANG_WARN_OBJC_LITERAL_CONVERSION = YES;
				CLANG_WARN_OBJC_ROOT_CLASS = YES_ERROR;
				CLANG_WARN_QUOTED_INCLUDE_IN_FRAMEWORK_HEADER = YES;
				CLANG_WARN_RANGE_LOOP_ANALYSIS = YES;
				CLANG_WARN_STRICT_PROTOTYPES = YES;
				CLANG_WARN_SUSPICIOUS_MOVE = YES;
				CLANG_WARN_UNGUARDED_AVAILABILITY = YES_AGGRESSIVE;
				CLANG_WARN_UNREACHABLE_CODE = YES;
				CLANG_WARN__DUPLICATE_METHOD_MATCH = YES;
				COPY_PHASE_STRIP = NO;
				DEBUG_INFORMATION_FORMAT = "dwarf-with-dsym";
				ENABLE_NS_ASSERTIONS = NO;
				ENABLE_STRICT_OBJC_MSGSEND = YES;
				GCC_C_LANGUAGE_STANDARD = gnu11;
				GCC_NO_COMMON_BLOCKS = YES;
				GCC_WARN_64_TO_32_BIT_CONVERSION = YES;
				GCC_WARN_ABOUT_RETURN_TYPE = YES_ERROR;
				GCC_WARN_UNDECLARED_SELECTOR = YES;
				GCC_WARN_UNINITIALIZED_AUTOS = YES_AGGRESSIVE;
				GCC_WARN_UNUSED_FUNCTION = YES;
				GCC_WARN_UNUSED_VARIABLE = YES;
				IPHONEOS_DEPLOYMENT_TARGET = 16.1;
				MTL_ENABLE_DEBUG_INFO = NO;
				MTL_FAST_MATH = YES;
				SDKROOT = iphoneos;
				SWIFT_COMPILATION_MODE = wholemodule;
				SWIFT_OPTIMIZATION_LEVEL = "-O";
				VALIDATE_PRODUCT = YES;
			};
			name = Release;
		};
		0DBAFD15291C79060032E109 /* Debug */ = {
			isa = XCBuildConfiguration;
			buildSettings = {
				ASSETCATALOG_COMPILER_APPICON_NAME = AppIcon;
				ASSETCATALOG_COMPILER_GLOBAL_ACCENT_COLOR_NAME = AccentColor;
				CODE_SIGN_STYLE = Automatic;
				CURRENT_PROJECT_VERSION = 1;
				DEVELOPMENT_ASSET_PATHS = "\"Landmarks/Preview Content\"";
				ENABLE_PREVIEWS = YES;
				GENERATE_INFOPLIST_FILE = YES;
				INFOPLIST_KEY_UIApplicationSceneManifest_Generation = YES;
				INFOPLIST_KEY_UIApplicationSupportsIndirectInputEvents = YES;
				INFOPLIST_KEY_UILaunchScreen_Generation = YES;
				INFOPLIST_KEY_UISupportedInterfaceOrientations_iPad = "UIInterfaceOrientationPortrait UIInterfaceOrientationPortraitUpsideDown UIInterfaceOrientationLandscapeLeft UIInterfaceOrientationLandscapeRight";
				INFOPLIST_KEY_UISupportedInterfaceOrientations_iPhone = "UIInterfaceOrientationPortrait UIInterfaceOrientationLandscapeLeft UIInterfaceOrientationLandscapeRight";
				LD_RUNPATH_SEARCH_PATHS = (
					"$(inherited)",
					"@executable_path/Frameworks",
				);
				MARKETING_VERSION = 1.0;
				PRODUCT_BUNDLE_IDENTIFIER = com.JuanBarba.Landmarks;
				PRODUCT_NAME = "$(TARGET_NAME)";
				SWIFT_EMIT_LOC_STRINGS = YES;
				SWIFT_VERSION = 5.0;
				TARGETED_DEVICE_FAMILY = "1,2";
			};
			name = Debug;
		};
		0DBAFD16291C79060032E109 /* Release */ = {
			isa = XCBuildConfiguration;
			buildSettings = {
				ASSETCATALOG_COMPILER_APPICON_NAME = AppIcon;
				ASSETCATALOG_COMPILER_GLOBAL_ACCENT_COLOR_NAME = AccentColor;
				CODE_SIGN_STYLE = Automatic;
				CURRENT_PROJECT_VERSION = 1;
				DEVELOPMENT_ASSET_PATHS = "\"Landmarks/Preview Content\"";
				ENABLE_PREVIEWS = YES;
				GENERATE_INFOPLIST_FILE = YES;
				INFOPLIST_KEY_UIApplicationSceneManifest_Generation = YES;
				INFOPLIST_KEY_UIApplicationSupportsIndirectInputEvents = YES;
				INFOPLIST_KEY_UILaunchScreen_Generation = YES;
				INFOPLIST_KEY_UISupportedInterfaceOrientations_iPad = "UIInterfaceOrientationPortrait UIInterfaceOrientationPortraitUpsideDown UIInterfaceOrientationLandscapeLeft UIInterfaceOrientationLandscapeRight";
				INFOPLIST_KEY_UISupportedInterfaceOrientations_iPhone = "UIInterfaceOrientationPortrait UIInterfaceOrientationLandscapeLeft UIInterfaceOrientationLandscapeRight";
				LD_RUNPATH_SEARCH_PATHS = (
					"$(inherited)",
					"@executable_path/Frameworks",
				);
				MARKETING_VERSION = 1.0;
				PRODUCT_BUNDLE_IDENTIFIER = com.JuanBarba.Landmarks;
				PRODUCT_NAME = "$(TARGET_NAME)";
				SWIFT_EMIT_LOC_STRINGS = YES;
				SWIFT_VERSION = 5.0;
				TARGETED_DEVICE_FAMILY = "1,2";
			};
			name = Release;
		};
/* End XCBuildConfiguration section */

/* Begin XCConfigurationList section */
		0DBAFD01291C79030032E109 /* Build configuration list for PBXProject "Landmarks" */ = {
			isa = XCConfigurationList;
			buildConfigurations = (
				0DBAFD12291C79060032E109 /* Debug */,
				0DBAFD13291C79060032E109 /* Release */,
			);
			defaultConfigurationIsVisible = 0;
			defaultConfigurationName = Release;
		};
		0DBAFD14291C79060032E109 /* Build configuration list for PBXNativeTarget "Landmarks" */ = {
			isa = XCConfigurationList;
			buildConfigurations = (
				0DBAFD15291C79060032E109 /* Debug */,
				0DBAFD16291C79060032E109 /* Release */,
			);
			defaultConfigurationIsVisible = 0;
			defaultConfigurationName = Release;
		};
/* End XCConfigurationList section */
	};
	rootObject = 0DBAFCFE291C79030032E109 /* Project object */;
}
